
Microsoft Visual Studio Solution File, Format Version 12.00
Project("{FAE04EC0-301F-11D3-BF4B-00C04F79EFBC}") = "b", "b\b.csproj", "{BB7C59FE-5E7C-4472-ADE2-9655A2A3A15D}"
EndProject
Global
	GlobalSection(SolutionConfigurationPlatforms) = preSolution
		Debug|Any CPU = Debug|Any CPU
		Release|Any CPU = Release|Any CPU
	EndGlobalSection
	GlobalSection(ProjectConfigurationPlatforms) = postSolution
		{BB7C59FE-5E7C-4472-ADE2-9655A2A3A15D}.Debug|Any CPU.ActiveCfg = Debug|Any CPU
		{BB7C59FE-5E7C-4472-ADE2-9655A2A3A15D}.Debug|Any CPU.Build.0 = Debug|Any CPU
		{BB7C59FE-5E7C-4472-ADE2-9655A2A3A15D}.Release|Any CPU.ActiveCfg = Release|Any CPU
		{BB7C59FE-5E7C-4472-ADE2-9655A2A3A15D}.Release|Any CPU.Build.0 = Release|Any CPU
	EndGlobalSection
EndGlobal
