
Microsoft Visual Studio Solution File, Format Version 12.00
Project("{FAE04EC0-301F-11D3-BF4B-00C04F79EFBC}") = "i", "i\i.csproj", "{94D1ADDA-FF90-441B-80DB-3CFF511E1239}"
EndProject
Global
	GlobalSection(SolutionConfigurationPlatforms) = preSolution
		Debug|Any CPU = Debug|Any CPU
		Release|Any CPU = Release|Any CPU
	EndGlobalSection
	GlobalSection(ProjectConfigurationPlatforms) = postSolution
		{94D1ADDA-FF90-441B-80DB-3CFF511E1239}.Debug|Any CPU.ActiveCfg = Debug|Any CPU
		{94D1ADDA-FF90-441B-80DB-3CFF511E1239}.Debug|Any CPU.Build.0 = Debug|Any CPU
		{94D1ADDA-FF90-441B-80DB-3CFF511E1239}.Release|Any CPU.ActiveCfg = Release|Any CPU
		{94D1ADDA-FF90-441B-80DB-3CFF511E1239}.Release|Any CPU.Build.0 = Release|Any CPU
	EndGlobalSection
EndGlobal
